
Microsoft Visual Studio Solution File, Format Version 12.00
# Visual Studio Version 17
VisualStudioVersion = 17.8.34330.188
MinimumVisualStudioVersion = 10.0.40219.1
Project("{FAE04EC0-301F-11D3-BF4B-00C04F79EFBC}") = "BTVN2", "BTVN2\BTVN2.csproj", "{C4B72942-5D99-4DF2-925C-29797134BF67}"
EndProject
Global
	GlobalSection(SolutionConfigurationPlatforms) = preSolution
		Debug|Any CPU = Debug|Any CPU
		Release|Any CPU = Release|Any CPU
	EndGlobalSection
	GlobalSection(ProjectConfigurationPlatforms) = postSolution
		{C4B72942-5D99-4DF2-925C-29797134BF67}.Debug|Any CPU.ActiveCfg = Debug|Any CPU
		{C4B72942-5D99-4DF2-925C-29797134BF67}.Debug|Any CPU.Build.0 = Debug|Any CPU
		{C4B72942-5D99-4DF2-925C-29797134BF67}.Release|Any CPU.ActiveCfg = Release|Any CPU
		{C4B72942-5D99-4DF2-925C-29797134BF67}.Release|Any CPU.Build.0 = Release|Any CPU
	EndGlobalSection
	GlobalSection(SolutionProperties) = preSolution
		HideSolutionNode = FALSE
	EndGlobalSection
	GlobalSection(ExtensibilityGlobals) = postSolution
		SolutionGuid = {13BAF588-0FC1-41F5-906E-5E982A9D6D06}
	EndGlobalSection
EndGlobal
